PODS:
  - Flutter (1.0.0)
  - integration_test (0.0.1):
    - Flutter
  - telegram_login (1.1.0):
    - Flutter

DEPENDENCIES:
  - Flutter (from `Flutter`)
  - integration_test (from `.symlinks/plugins/integration_test/ios`)
  - telegram_login (from `.symlinks/plugins/telegram_login/ios`)

EXTERNAL SOURCES:
  Flutter:
    :path: Flutter
  integration_test:
    :path: ".symlinks/plugins/integration_test/ios"
  telegram_login:
    :path: ".symlinks/plugins/telegram_login/ios"

SPEC CHECKSUMS:
  Flutter: cabc95a1d2626b1b06e7179b784ebcf0c0cde467
  integration_test: 4a889634ef21a45d28d50d622cf412dc6d9f586e
  telegram_login: 023a4a118475b98b54751a9d74f44efb693efc61

PODFILE CHECKSUM: 53a6aebc29ccee84c41f92f409fc20cd4ca011f1

COCOAPODS: 1.16.2
